
Microsoft Visual Studio Solution File, Format Version 12.00
# Visual Studio Version 17
VisualStudioVersion = 17.7.34018.315
MinimumVisualStudioVersion = 10.0.40219.1
Project("{FAE04EC0-301F-11D3-BF4B-00C04F79EFBC}") = "DomainDrivenSolution.Logic", "DomainDrivenSolution.Logic\DomainDrivenSolution.Logic.csproj", "{4E2269C0-ED22-4E1A-BC0E-C4F41040DE51}"
EndProject
Project("{FAE04EC0-301F-11D3-BF4B-00C04F79EFBC}") = "DomainDrivenSolution.Tests", "DomainDrivenSolution.Tests\DomainDrivenSolution.Tests.csproj", "{76968254-78A8-4CC4-8D12-0B670C97F605}"
EndProject
Global
	GlobalSection(SolutionConfigurationPlatforms) = preSolution
		Debug|Any CPU = Debug|Any CPU
		Release|Any CPU = Release|Any CPU
	EndGlobalSection
	GlobalSection(ProjectConfigurationPlatforms) = postSolution
		{4E2269C0-ED22-4E1A-BC0E-C4F41040DE51}.Debug|Any CPU.ActiveCfg = Debug|Any CPU
		{4E2269C0-ED22-4E1A-BC0E-C4F41040DE51}.Debug|Any CPU.Build.0 = Debug|Any CPU
		{4E2269C0-ED22-4E1A-BC0E-C4F41040DE51}.Release|Any CPU.ActiveCfg = Release|Any CPU
		{4E2269C0-ED22-4E1A-BC0E-C4F41040DE51}.Release|Any CPU.Build.0 = Release|Any CPU
		{76968254-78A8-4CC4-8D12-0B670C97F605}.Debug|Any CPU.ActiveCfg = Debug|Any CPU
		{76968254-78A8-4CC4-8D12-0B670C97F605}.Debug|Any CPU.Build.0 = Debug|Any CPU
		{76968254-78A8-4CC4-8D12-0B670C97F605}.Release|Any CPU.ActiveCfg = Release|Any CPU
		{76968254-78A8-4CC4-8D12-0B670C97F605}.Release|Any CPU.Build.0 = Release|Any CPU
	EndGlobalSection
	GlobalSection(SolutionProperties) = preSolution
		HideSolutionNode = FALSE
	EndGlobalSection
	GlobalSection(ExtensibilityGlobals) = postSolution
		SolutionGuid = {6B0B10DF-4063-4BD4-A353-3AE2A774A4B1}
	EndGlobalSection
EndGlobal
